<?xml version="1.0" encoding="utf-8"?>
<Project ToolsVersion="4.0" xmlns="http://schemas.microsoft.com/developer/msbuild/2003">
  <ItemGroup>
    <Filter Include="源文件">
      <UniqueIdentifier>{4FC737F1-C7A5-4376-A066-2A32D752A2FF}</UniqueIdentifier>
      <Extensions>cpp;c;cc;cxx;def;odl;idl;hpj;bat;asm;asmx</Extensions>
    </Filter>
    <Filter Include="头文件">
      <UniqueIdentifier>{93995380-89BD-4b04-88EB-625FBE52EBFB}</UniqueIdentifier>
      <Extensions>h;hh;hpp;hxx;hm;inl;inc;xsd</Extensions>
    </Filter>
    <Filter Include="资源文件">
      <UniqueIdentifier>{67DA6AB6-F800-4c08-8B7A-83BB121AAD01}</UniqueIdentifier>
      <Extensions>rc;ico;cur;bmp;dlg;rc2;rct;bin;rgs;gif;jpg;jpeg;jpe;resx;tiff;tif;png;wav;mfcribbon-ms</Extensions>
    </Filter>
    <Filter Include="头文件\GL">
      <UniqueIdentifier>{f935de33-1626-465b-8f78-ac818518a8d1}</UniqueIdentifier>
    </Filter>
    <Filter Include="头文件\assimp">
      <UniqueIdentifier>{d068bf09-cbd2-4896-97a5-6a463ab7b9df}</UniqueIdentifier>
    </Filter>
    <Filter Include="头文件\ATB">
      <UniqueIdentifier>{7445a73b-1233-41ba-85a3-994686e51ef6}</UniqueIdentifier>
    </Filter>
    <Filter Include="头文件\ImageMagick-6">
      <UniqueIdentifier>{af30ce1a-9889-420c-85b2-35159bd78a79}</UniqueIdentifier>
    </Filter>
    <Filter Include="头文件\ImageMagick-6\magick">
      <UniqueIdentifier>{54fbc108-c20e-42ec-9577-582cd43ae75f}</UniqueIdentifier>
    </Filter>
    <Filter Include="头文件\ImageMagick-6\Magick++">
      <UniqueIdentifier>{8426c8e4-d738-4f16-87d8-21a70a2c74df}</UniqueIdentifier>
    </Filter>
    <Filter Include="头文件\ImageMagick-6\wand">
      <UniqueIdentifier>{045d7d98-488c-4132-8877-0556e4002d0f}</UniqueIdentifier>
    </Filter>
    <Filter Include="头文件\assimp\Compiler">
      <UniqueIdentifier>{7cdaf0f0-1d35-4a91-9f2b-254582b9de40}</UniqueIdentifier>
    </Filter>
  </ItemGroup>
  <ItemGroup>
    <ClCompile Include="src\csm_technique.cpp">
      <Filter>源文件</Filter>
    </ClCompile>
    <ClCompile Include="src\lighting_technique.cpp">
      <Filter>源文件</Filter>
    </ClCompile>
    <ClCompile Include="src\tutorial49.cpp">
      <Filter>源文件</Filter>
    </ClCompile>
    <ClCompile Include="..\include\camera.cpp">
      <Filter>头文件</Filter>
    </ClCompile>
    <ClCompile Include="..\include\cubemap_texture.cpp">
      <Filter>头文件</Filter>
    </ClCompile>
    <ClCompile Include="..\include\glut_backend.cpp">
      <Filter>头文件</Filter>
    </ClCompile>
    <ClCompile Include="..\include\io_buffer.cpp">
      <Filter>头文件</Filter>
    </ClCompile>
    <ClCompile Include="..\include\math_3d.cpp">
      <Filter>头文件</Filter>
    </ClCompile>
    <ClCompile Include="..\include\ogldev_app.cpp">
      <Filter>头文件</Filter>
    </ClCompile>
    <ClCompile Include="..\include\ogldev_atb.cpp">
      <Filter>头文件</Filter>
    </ClCompile>
    <ClCompile Include="..\include\ogldev_backend.cpp">
      <Filter>头文件</Filter>
    </ClCompile>
    <ClCompile Include="..\include\ogldev_basic_lighting.cpp">
      <Filter>头文件</Filter>
    </ClCompile>
    <ClCompile Include="..\include\ogldev_basic_mesh.cpp">
      <Filter>头文件</Filter>
    </ClCompile>
    <ClCompile Include="..\include\ogldev_glfw_backend.cpp">
      <Filter>头文件</Filter>
    </ClCompile>
    <ClCompile Include="..\include\ogldev_shadow_map_fbo.cpp">
      <Filter>头文件</Filter>
    </ClCompile>
    <ClCompile Include="..\include\ogldev_skinned_mesh.cpp">
      <Filter>头文件</Filter>
    </ClCompile>
    <ClCompile Include="..\include\ogldev_texture.cpp">
      <Filter>头文件</Filter>
    </ClCompile>
    <ClCompile Include="..\include\ogldev_util.cpp">
      <Filter>头文件</Filter>
    </ClCompile>
    <ClCompile Include="..\include\pipeline.cpp">
      <Filter>头文件</Filter>
    </ClCompile>
    <ClCompile Include="..\include\technique.cpp">
      <Filter>头文件</Filter>
    </ClCompile>
  </ItemGroup>
  <ItemGroup>
    <ClInclude Include="src\csm_technique.h">
      <Filter>源文件</Filter>
    </ClInclude>
    <ClInclude Include="src\lighting_technique.h">
      <Filter>源文件</Filter>
    </ClInclude>
    <ClInclude Include="..\include\GL\eglew.h">
      <Filter>头文件\GL</Filter>
    </ClInclude>
    <ClInclude Include="..\include\GL\freeglut.h">
      <Filter>头文件\GL</Filter>
    </ClInclude>
    <ClInclude Include="..\include\GL\freeglut_ext.h">
      <Filter>头文件\GL</Filter>
    </ClInclude>
    <ClInclude Include="..\include\GL\freeglut_std.h">
      <Filter>头文件\GL</Filter>
    </ClInclude>
    <ClInclude Include="..\include\GL\freeglut_ucall.h">
      <Filter>头文件\GL</Filter>
    </ClInclude>
    <ClInclude Include="..\include\GL\glew.h">
      <Filter>头文件\GL</Filter>
    </ClInclude>
    <ClInclude Include="..\include\GL\glut.h">
      <Filter>头文件\GL</Filter>
    </ClInclude>
    <ClInclude Include="..\include\GL\glxew.h">
      <Filter>头文件\GL</Filter>
    </ClInclude>
    <ClInclude Include="..\include\GL\wglew.h">
      <Filter>头文件\GL</Filter>
    </ClInclude>
    <ClInclude Include="..\include\assimp\Compiler\poppack1.h">
      <Filter>头文件\assimp\Compiler</Filter>
    </ClInclude>
    <ClInclude Include="..\include\assimp\Compiler\pushpack1.h">
      <Filter>头文件\assimp\Compiler</Filter>
    </ClInclude>
    <ClInclude Include="..\include\assimp\ai_assert.h">
      <Filter>头文件\assimp</Filter>
    </ClInclude>
    <ClInclude Include="..\include\assimp\anim.h">
      <Filter>头文件\assimp</Filter>
    </ClInclude>
    <ClInclude Include="..\include\assimp\camera.h">
      <Filter>头文件\assimp</Filter>
    </ClInclude>
    <ClInclude Include="..\include\assimp\cexport.h">
      <Filter>头文件\assimp</Filter>
    </ClInclude>
    <ClInclude Include="..\include\assimp\cfileio.h">
      <Filter>头文件\assimp</Filter>
    </ClInclude>
    <ClInclude Include="..\include\assimp\cimport.h">
      <Filter>头文件\assimp</Filter>
    </ClInclude>
    <ClInclude Include="..\include\assimp\color4.h">
      <Filter>头文件\assimp</Filter>
    </ClInclude>
    <ClInclude Include="..\include\assimp\config.h">
      <Filter>头文件\assimp</Filter>
    </ClInclude>
    <ClInclude Include="..\include\assimp\DefaultLogger.hpp">
      <Filter>头文件\assimp</Filter>
    </ClInclude>
    <ClInclude Include="..\include\assimp\defs.h">
      <Filter>头文件\assimp</Filter>
    </ClInclude>
    <ClInclude Include="..\include\assimp\Exporter.hpp">
      <Filter>头文件\assimp</Filter>
    </ClInclude>
    <ClInclude Include="..\include\assimp\Importer.hpp">
      <Filter>头文件\assimp</Filter>
    </ClInclude>
    <ClInclude Include="..\include\assimp\importerdesc.h">
      <Filter>头文件\assimp</Filter>
    </ClInclude>
    <ClInclude Include="..\include\assimp\IOStream.hpp">
      <Filter>头文件\assimp</Filter>
    </ClInclude>
    <ClInclude Include="..\include\assimp\IOSystem.hpp">
      <Filter>头文件\assimp</Filter>
    </ClInclude>
    <ClInclude Include="..\include\assimp\light.h">
      <Filter>头文件\assimp</Filter>
    </ClInclude>
    <ClInclude Include="..\include\assimp\Logger.hpp">
      <Filter>头文件\assimp</Filter>
    </ClInclude>
    <ClInclude Include="..\include\assimp\LogStream.hpp">
      <Filter>头文件\assimp</Filter>
    </ClInclude>
    <ClInclude Include="..\include\assimp\material.h">
      <Filter>头文件\assimp</Filter>
    </ClInclude>
    <ClInclude Include="..\include\assimp\matrix3x3.h">
      <Filter>头文件\assimp</Filter>
    </ClInclude>
    <ClInclude Include="..\include\assimp\matrix4x4.h">
      <Filter>头文件\assimp</Filter>
    </ClInclude>
    <ClInclude Include="..\include\assimp\mesh.h">
      <Filter>头文件\assimp</Filter>
    </ClInclude>
    <ClInclude Include="..\include\assimp\NullLogger.hpp">
      <Filter>头文件\assimp</Filter>
    </ClInclude>
    <ClInclude Include="..\include\assimp\postprocess.h">
      <Filter>头文件\assimp</Filter>
    </ClInclude>
    <ClInclude Include="..\include\assimp\ProgressHandler.hpp">
      <Filter>头文件\assimp</Filter>
    </ClInclude>
    <ClInclude Include="..\include\assimp\quaternion.h">
      <Filter>头文件\assimp</Filter>
    </ClInclude>
    <ClInclude Include="..\include\assimp\scene.h">
      <Filter>头文件\assimp</Filter>
    </ClInclude>
    <ClInclude Include="..\include\assimp\texture.h">
      <Filter>头文件\assimp</Filter>
    </ClInclude>
    <ClInclude Include="..\include\assimp\types.h">
      <Filter>头文件\assimp</Filter>
    </ClInclude>
    <ClInclude Include="..\include\assimp\vector2.h">
      <Filter>头文件\assimp</Filter>
    </ClInclude>
    <ClInclude Include="..\include\assimp\vector3.h">
      <Filter>头文件\assimp</Filter>
    </ClInclude>
    <ClInclude Include="..\include\assimp\version.h">
      <Filter>头文件\assimp</Filter>
    </ClInclude>
    <ClInclude Include="..\include\ATB\AntTweakBar.h">
      <Filter>头文件\ATB</Filter>
    </ClInclude>
    <ClInclude Include="..\include\glfx.h">
      <Filter>头文件</Filter>
    </ClInclude>
    <ClInclude Include="..\include\ogldev_app.h">
      <Filter>头文件</Filter>
    </ClInclude>
    <ClInclude Include="..\include\ogldev_atb.h">
      <Filter>头文件</Filter>
    </ClInclude>
    <ClInclude Include="..\include\ogldev_backend.h">
      <Filter>头文件</Filter>
    </ClInclude>
    <ClInclude Include="..\include\ogldev_basic_lighting.h">
      <Filter>头文件</Filter>
    </ClInclude>
    <ClInclude Include="..\include\ogldev_basic_mesh.h">
      <Filter>头文件</Filter>
    </ClInclude>
    <ClInclude Include="..\include\ogldev_callbacks.h">
      <Filter>头文件</Filter>
    </ClInclude>
    <ClInclude Include="..\include\ogldev_camera.h">
      <Filter>头文件</Filter>
    </ClInclude>
    <ClInclude Include="..\include\ogldev_cubemap_texture.h">
      <Filter>头文件</Filter>
    </ClInclude>
    <ClInclude Include="..\include\ogldev_engine_common.h">
      <Filter>头文件</Filter>
    </ClInclude>
    <ClInclude Include="..\include\ogldev_glfw_backend.h">
      <Filter>头文件</Filter>
    </ClInclude>
    <ClInclude Include="..\include\ogldev_glut_backend.h">
      <Filter>头文件</Filter>
    </ClInclude>
    <ClInclude Include="..\include\ogldev_io_buffer.h">
      <Filter>头文件</Filter>
    </ClInclude>
    <ClInclude Include="..\include\ogldev_keys.h">
      <Filter>头文件</Filter>
    </ClInclude>
    <ClInclude Include="..\include\ogldev_lights_common.h">
      <Filter>头文件</Filter>
    </ClInclude>
    <ClInclude Include="..\include\ogldev_math_3d.h">
      <Filter>头文件</Filter>
    </ClInclude>
    <ClInclude Include="..\include\ogldev_pipeline.h">
      <Filter>头文件</Filter>
    </ClInclude>
    <ClInclude Include="..\include\ogldev_shadow_map_fbo.h">
      <Filter>头文件</Filter>
    </ClInclude>
    <ClInclude Include="..\include\ogldev_skinned_mesh.h">
      <Filter>头文件</Filter>
    </ClInclude>
    <ClInclude Include="..\include\ogldev_texture.h">
      <Filter>头文件</Filter>
    </ClInclude>
    <ClInclude Include="..\include\ogldev_types.h">
      <Filter>头文件</Filter>
    </ClInclude>
    <ClInclude Include="..\include\ogldev_util.h">
      <Filter>头文件</Filter>
    </ClInclude>
    <ClInclude Include="..\include\technique.h">
      <Filter>头文件</Filter>
    </ClInclude>
  </ItemGroup>
  <ItemGroup>
    <None Include="src\csm.fs">
      <Filter>资源文件</Filter>
    </None>
    <None Include="src\csm.vs">
      <Filter>资源文件</Filter>
    </None>
    <None Include="src\lighting.fs">
      <Filter>资源文件</Filter>
    </None>
    <None Include="src\lighting.vs">
      <Filter>资源文件</Filter>
    </None>
    <None Include="..\include\assimp\color4.inl">
      <Filter>头文件\assimp</Filter>
    </None>
    <None Include="..\include\assimp\material.inl">
      <Filter>头文件\assimp</Filter>
    </None>
    <None Include="..\include\assimp\matrix3x3.inl">
      <Filter>头文件\assimp</Filter>
    </None>
    <None Include="..\include\assimp\matrix4x4.inl">
      <Filter>头文件\assimp</Filter>
    </None>
    <None Include="..\include\assimp\quaternion.inl">
      <Filter>头文件\assimp</Filter>
    </None>
    <None Include="..\include\assimp\vector2.inl">
      <Filter>头文件\assimp</Filter>
    </None>
    <None Include="..\include\assimp\vector3.inl">
      <Filter>头文件\assimp</Filter>
    </None>
  </ItemGroup>
</Project>