
Microsoft Visual Studio Solution File, Format Version 12.00
# Visual Studio 14
VisualStudioVersion = 14.0.25420.1
MinimumVisualStudioVersion = 10.0.40219.1
Project("{8BC9CEB8-8B4A-11D0-8D11-00A0C91BC942}") = "tutorial04", "tutorial04\tutorial04.vcxproj", "{85B48626-B58D-4D4D-9C95-D151B74CDDC4}"
EndProject
Project("{8BC9CEB8-8B4A-11D0-8D11-00A0C91BC942}") = "tutorial01", "tutorial01\tutorial01.vcxproj", "{4343DF9C-566C-4220-9F76-E219FE8EF853}"
EndProject
Project("{8BC9CEB8-8B4A-11D0-8D11-00A0C91BC942}") = "tutorial02", "tutorial02\tutorial02.vcxproj", "{EC31EDFB-73E8-4CE0-856C-F2DC2BA9ECE9}"
EndProject
Project("{8BC9CEB8-8B4A-11D0-8D11-00A0C91BC942}") = "tutorial03", "tutorial03\tutorial03.vcxproj", "{5874BC63-8469-4F47-8DD4-A7B1BE75A3F5}"
EndProject
Project("{8BC9CEB8-8B4A-11D0-8D11-00A0C91BC942}") = "tutorial05", "tutorial05\tutorial05.vcxproj", "{50102267-D215-446D-8907-D9664E4E2E93}"
EndProject
Project("{8BC9CEB8-8B4A-11D0-8D11-00A0C91BC942}") = "tutorial06", "tutorial06\tutorial06.vcxproj", "{34E98D02-ACD8-486B-ABE5-48556B16A189}"
EndProject
Project("{8BC9CEB8-8B4A-11D0-8D11-00A0C91BC942}") = "tutorial07", "tutorial07\tutorial07.vcxproj", "{C140423E-26D9-4653-8E6A-82D7EEF99329}"
EndProject
Project("{8BC9CEB8-8B4A-11D0-8D11-00A0C91BC942}") = "tutorial08", "tutorial08\tutorial08.vcxproj", "{B678B8E5-39DD-48D0-BA09-4CDD9BDF0C89}"
EndProject
Project("{8BC9CEB8-8B4A-11D0-8D11-00A0C91BC942}") = "tutorial09", "tutorial09\tutorial09.vcxproj", "{9C53D867-1059-4314-A715-005080C3FB88}"
EndProject
Project("{8BC9CEB8-8B4A-11D0-8D11-00A0C91BC942}") = "tutorial10", "tutorial10\tutorial10.vcxproj", "{930EE805-6A6C-4286-A957-762ADAEB4EC8}"
EndProject
Project("{8BC9CEB8-8B4A-11D0-8D11-00A0C91BC942}") = "tutorial11", "tutorial11\tutorial11.vcxproj", "{7AEB8EA3-6088-4576-84CD-92DDE0B7AFE1}"
EndProject
Project("{8BC9CEB8-8B4A-11D0-8D11-00A0C91BC942}") = "tutorial12", "tutorial12\tutorial12.vcxproj", "{F3B045B3-017C-499F-B94D-7C1FD2F644CD}"
EndProject
Project("{8BC9CEB8-8B4A-11D0-8D11-00A0C91BC942}") = "tutorial13", "tutorial13\tutorial13.vcxproj", "{93430E8F-36E0-4881-981D-7907986A355F}"
EndProject
Project("{8BC9CEB8-8B4A-11D0-8D11-00A0C91BC942}") = "tutorial14", "tutorial14\tutorial14.vcxproj", "{6BE42FE3-1E84-4780-9426-38F5D745EB8E}"
EndProject
Project("{8BC9CEB8-8B4A-11D0-8D11-00A0C91BC942}") = "tutorial15", "tutorial15\tutorial15.vcxproj", "{F8081413-8716-4C53-BBF8-DCA84BF42460}"
EndProject
Project("{8BC9CEB8-8B4A-11D0-8D11-00A0C91BC942}") = "tutorial16", "tutorial16\tutorial16.vcxproj", "{983FAEEE-0424-413D-BF3C-04E69CCE10BD}"
EndProject
Project("{8BC9CEB8-8B4A-11D0-8D11-00A0C91BC942}") = "tutorial17", "tutorial17\tutorial17.vcxproj", "{D6C10ADC-8F7E-4997-9033-EC4080CC49BF}"
EndProject
Project("{8BC9CEB8-8B4A-11D0-8D11-00A0C91BC942}") = "tutorial18", "tutorial18\tutorial18.vcxproj", "{43DF5D9D-EBC0-488A-82D2-85A4C15562DD}"
EndProject
Project("{8BC9CEB8-8B4A-11D0-8D11-00A0C91BC942}") = "tutorial19", "tutorial19\tutorial19.vcxproj", "{04EA24F7-53DD-424F-BCA3-87C6315EC2E1}"
EndProject
Project("{8BC9CEB8-8B4A-11D0-8D11-00A0C91BC942}") = "tutorial20", "tutorial20\tutorial20.vcxproj", "{75D911E3-E1A8-4EFB-9BB9-21F04161F568}"
EndProject
Project("{8BC9CEB8-8B4A-11D0-8D11-00A0C91BC942}") = "tutorial21", "tutorial21\tutorial21.vcxproj", "{202DF23B-9DF9-4789-A654-E2DA65C4867A}"
EndProject
Project("{8BC9CEB8-8B4A-11D0-8D11-00A0C91BC942}") = "tutorial22", "tutorial22\tutorial22.vcxproj", "{3C4300DE-21B9-46AB-830A-DB8F05AF8E29}"
EndProject
Project("{8BC9CEB8-8B4A-11D0-8D11-00A0C91BC942}") = "tutorial23", "tutorial23\tutorial23.vcxproj", "{1134A4C4-5613-4891-B33F-2DA875AD7024}"
EndProject
Project("{8BC9CEB8-8B4A-11D0-8D11-00A0C91BC942}") = "tutorial24", "tutorial24\tutorial24.vcxproj", "{F37E5A13-8C79-41EA-B4C0-DA0BE821129E}"
EndProject
Project("{8BC9CEB8-8B4A-11D0-8D11-00A0C91BC942}") = "tutorial25", "tutorial25\tutorial25.vcxproj", "{4D537C64-CE2F-4340-A3CE-05C00EA0BA7B}"
EndProject
Project("{8BC9CEB8-8B4A-11D0-8D11-00A0C91BC942}") = "tutorial26", "tutorial26\tutorial26.vcxproj", "{4FD4C135-2170-4C10-92F2-3F6859B827F9}"
EndProject
Project("{8BC9CEB8-8B4A-11D0-8D11-00A0C91BC942}") = "tutorial27", "tutorial27\tutorial27.vcxproj", "{DFBAC61D-D8B1-44EE-8D4D-9FA2BB23B5B2}"
EndProject
Project("{8BC9CEB8-8B4A-11D0-8D11-00A0C91BC942}") = "tutorial28", "tutorial28\tutorial28.vcxproj", "{954C698C-32AC-4B94-930F-55114536B779}"
EndProject
Project("{8BC9CEB8-8B4A-11D0-8D11-00A0C91BC942}") = "tutorial29", "tutorial29\tutorial29.vcxproj", "{2C33FE04-4953-41A1-82C4-5336C43C8AEA}"
EndProject
Project("{8BC9CEB8-8B4A-11D0-8D11-00A0C91BC942}") = "tutorial30", "tutorial30\tutorial30.vcxproj", "{82312D20-109B-4ADE-B2E8-C6502F47F14A}"
EndProject
Project("{8BC9CEB8-8B4A-11D0-8D11-00A0C91BC942}") = "tutorial31", "tutorial31\tutorial31.vcxproj", "{B3A7F88D-6F17-45CB-A2F2-3ECE98DB57D7}"
EndProject
Project("{8BC9CEB8-8B4A-11D0-8D11-00A0C91BC942}") = "tutorial32", "tutorial32\tutorial32.vcxproj", "{72F07893-14D2-47C0-99D1-D84E7895D2BC}"
EndProject
Project("{8BC9CEB8-8B4A-11D0-8D11-00A0C91BC942}") = "tutorial33", "tutorial33\tutorial33.vcxproj", "{12D0B974-D212-4B9D-8FE4-210CFC70D04E}"
EndProject
Project("{8BC9CEB8-8B4A-11D0-8D11-00A0C91BC942}") = "tutorial34", "tutorial34\tutorial34.vcxproj", "{E0983AAF-B91B-4E4D-A990-3E4354D27E20}"
EndProject
Project("{8BC9CEB8-8B4A-11D0-8D11-00A0C91BC942}") = "tutorial35", "tutorial35\tutorial35.vcxproj", "{502EC954-427D-44B1-A889-96501CBE73C9}"
EndProject
Project("{8BC9CEB8-8B4A-11D0-8D11-00A0C91BC942}") = "tutorial36", "tutorial36\tutorial36.vcxproj", "{A4045E9D-F128-4E28-973B-502ACB46D781}"
EndProject
Project("{8BC9CEB8-8B4A-11D0-8D11-00A0C91BC942}") = "tutorial37", "tutorial37\tutorial37.vcxproj", "{C4B3641F-3D4C-45A7-9AAF-AB6CF1D19CC0}"
EndProject
Project("{8BC9CEB8-8B4A-11D0-8D11-00A0C91BC942}") = "tutorial38", "tutorial38\tutorial38.vcxproj", "{92BDF6F6-441B-4A9F-8514-D1D6B22186F1}"
EndProject
Project("{8BC9CEB8-8B4A-11D0-8D11-00A0C91BC942}") = "tutorial39", "tutorial39\tutorial39.vcxproj", "{00FC3393-0315-4DC9-B894-2719AAA8BF99}"
EndProject
Project("{8BC9CEB8-8B4A-11D0-8D11-00A0C91BC942}") = "tutorial40", "tutorial40\tutorial40.vcxproj", "{226324C5-786C-44EC-8654-B67406E15E57}"
EndProject
Project("{8BC9CEB8-8B4A-11D0-8D11-00A0C91BC942}") = "tutorial41", "tutorial41\tutorial41.vcxproj", "{5EA1B165-B05D-4D65-B53A-3A6B10E513A8}"
EndProject
Project("{8BC9CEB8-8B4A-11D0-8D11-00A0C91BC942}") = "tutorial42", "tutorial42\tutorial42.vcxproj", "{3AE6958A-9728-43C1-9AA1-E9160A51E58D}"
EndProject
Project("{8BC9CEB8-8B4A-11D0-8D11-00A0C91BC942}") = "tutorial43", "tutorial43\tutorial43.vcxproj", "{BD8108E5-5439-4EB2-AB18-B175A00FC193}"
EndProject
Project("{8BC9CEB8-8B4A-11D0-8D11-00A0C91BC942}") = "tutorial44", "tutorial44\tutorial44.vcxproj", "{8CCF3C43-A581-4C82-A171-F74EB734850D}"
EndProject
Project("{8BC9CEB8-8B4A-11D0-8D11-00A0C91BC942}") = "tutorial45", "tutorial45\tutorial45.vcxproj", "{F199CA3F-4C10-49B5-935B-CE5A5C9F6974}"
EndProject
Project("{8BC9CEB8-8B4A-11D0-8D11-00A0C91BC942}") = "tutorial46", "tutorial46\tutorial46.vcxproj", "{211E8224-3375-4B72-A4D1-AB30E7E1D489}"
EndProject
Project("{8BC9CEB8-8B4A-11D0-8D11-00A0C91BC942}") = "tutorial47", "tutorial47\tutorial47.vcxproj", "{CEBD2787-9F12-4681-ADE4-A564E28605C2}"
EndProject
Project("{8BC9CEB8-8B4A-11D0-8D11-00A0C91BC942}") = "tutorial48", "tutorial48\tutorial48.vcxproj", "{29F0BD06-E5C9-49FF-A8B4-2372F3EAEEAB}"
EndProject
Project("{8BC9CEB8-8B4A-11D0-8D11-00A0C91BC942}") = "tutorial49", "tutorial49\tutorial49.vcxproj", "{6A5D6EBA-F92E-41A3-B9D9-84E9DEFB93A8}"
EndProject
Project("{8BC9CEB8-8B4A-11D0-8D11-00A0C91BC942}") = "tutorial50", "tutorial50\tutorial50.vcxproj", "{B1E4DBA0-1D22-42F6-9FA8-3B812C8CD375}"
EndProject
Project("{8BC9CEB8-8B4A-11D0-8D11-00A0C91BC942}") = "tutorial51", "tutorial51\tutorial51.vcxproj", "{5FB24477-4348-498F-8C2B-756A649F2569}"
EndProject
Project("{8BC9CEB8-8B4A-11D0-8D11-00A0C91BC942}") = "tutorial52", "tutorial52\tutorial52.vcxproj", "{ED421D54-34D1-4CBF-AB5D-10D124A55271}"
EndProject
Project("{8BC9CEB8-8B4A-11D0-8D11-00A0C91BC942}") = "tutorial53", "tutorial53\tutorial53.vcxproj", "{8BF9304B-AC35-46EB-ACB8-DF74FF2AB350}"
EndProject
Project("{8BC9CEB8-8B4A-11D0-8D11-00A0C91BC942}") = "tutorial00", "tutorial00\tutorial00.vcxproj", "{1102801E-2ED8-400A-B013-E7BB3160A7D6}"
EndProject
Global
	GlobalSection(SolutionConfigurationPlatforms) = preSolution
		Debug|x64 = Debug|x64
		Debug|x86 = Debug|x86
		Release|x64 = Release|x64
		Release|x86 = Release|x86
	EndGlobalSection
	GlobalSection(ProjectConfigurationPlatforms) = postSolution
		{85B48626-B58D-4D4D-9C95-D151B74CDDC4}.Debug|x64.ActiveCfg = Debug|x64
		{85B48626-B58D-4D4D-9C95-D151B74CDDC4}.Debug|x64.Build.0 = Debug|x64
		{85B48626-B58D-4D4D-9C95-D151B74CDDC4}.Debug|x86.ActiveCfg = Debug|Win32
		{85B48626-B58D-4D4D-9C95-D151B74CDDC4}.Debug|x86.Build.0 = Debug|Win32
		{85B48626-B58D-4D4D-9C95-D151B74CDDC4}.Release|x64.ActiveCfg = Release|x64
		{85B48626-B58D-4D4D-9C95-D151B74CDDC4}.Release|x64.Build.0 = Release|x64
		{85B48626-B58D-4D4D-9C95-D151B74CDDC4}.Release|x86.ActiveCfg = Release|Win32
		{85B48626-B58D-4D4D-9C95-D151B74CDDC4}.Release|x86.Build.0 = Release|Win32
		{4343DF9C-566C-4220-9F76-E219FE8EF853}.Debug|x64.ActiveCfg = Debug|x64
		{4343DF9C-566C-4220-9F76-E219FE8EF853}.Debug|x64.Build.0 = Debug|x64
		{4343DF9C-566C-4220-9F76-E219FE8EF853}.Debug|x86.ActiveCfg = Debug|Win32
		{4343DF9C-566C-4220-9F76-E219FE8EF853}.Debug|x86.Build.0 = Debug|Win32
		{4343DF9C-566C-4220-9F76-E219FE8EF853}.Release|x64.ActiveCfg = Release|x64
		{4343DF9C-566C-4220-9F76-E219FE8EF853}.Release|x64.Build.0 = Release|x64
		{4343DF9C-566C-4220-9F76-E219FE8EF853}.Release|x86.ActiveCfg = Release|Win32
		{4343DF9C-566C-4220-9F76-E219FE8EF853}.Release|x86.Build.0 = Release|Win32
		{EC31EDFB-73E8-4CE0-856C-F2DC2BA9ECE9}.Debug|x64.ActiveCfg = Debug|x64
		{EC31EDFB-73E8-4CE0-856C-F2DC2BA9ECE9}.Debug|x64.Build.0 = Debug|x64
		{EC31EDFB-73E8-4CE0-856C-F2DC2BA9ECE9}.Debug|x86.ActiveCfg = Debug|Win32
		{EC31EDFB-73E8-4CE0-856C-F2DC2BA9ECE9}.Debug|x86.Build.0 = Debug|Win32
		{EC31EDFB-73E8-4CE0-856C-F2DC2BA9ECE9}.Release|x64.ActiveCfg = Release|x64
		{EC31EDFB-73E8-4CE0-856C-F2DC2BA9ECE9}.Release|x64.Build.0 = Release|x64
		{EC31EDFB-73E8-4CE0-856C-F2DC2BA9ECE9}.Release|x86.ActiveCfg = Release|Win32
		{EC31EDFB-73E8-4CE0-856C-F2DC2BA9ECE9}.Release|x86.Build.0 = Release|Win32
		{5874BC63-8469-4F47-8DD4-A7B1BE75A3F5}.Debug|x64.ActiveCfg = Debug|x64
		{5874BC63-8469-4F47-8DD4-A7B1BE75A3F5}.Debug|x64.Build.0 = Debug|x64
		{5874BC63-8469-4F47-8DD4-A7B1BE75A3F5}.Debug|x86.ActiveCfg = Debug|Win32
		{5874BC63-8469-4F47-8DD4-A7B1BE75A3F5}.Debug|x86.Build.0 = Debug|Win32
		{5874BC63-8469-4F47-8DD4-A7B1BE75A3F5}.Release|x64.ActiveCfg = Release|x64
		{5874BC63-8469-4F47-8DD4-A7B1BE75A3F5}.Release|x64.Build.0 = Release|x64
		{5874BC63-8469-4F47-8DD4-A7B1BE75A3F5}.Release|x86.ActiveCfg = Release|Win32
		{5874BC63-8469-4F47-8DD4-A7B1BE75A3F5}.Release|x86.Build.0 = Release|Win32
		{50102267-D215-446D-8907-D9664E4E2E93}.Debug|x64.ActiveCfg = Debug|x64
		{50102267-D215-446D-8907-D9664E4E2E93}.Debug|x64.Build.0 = Debug|x64
		{50102267-D215-446D-8907-D9664E4E2E93}.Debug|x86.ActiveCfg = Debug|Win32
		{50102267-D215-446D-8907-D9664E4E2E93}.Debug|x86.Build.0 = Debug|Win32
		{50102267-D215-446D-8907-D9664E4E2E93}.Release|x64.ActiveCfg = Release|x64
		{50102267-D215-446D-8907-D9664E4E2E93}.Release|x64.Build.0 = Release|x64
		{50102267-D215-446D-8907-D9664E4E2E93}.Release|x86.ActiveCfg = Release|Win32
		{50102267-D215-446D-8907-D9664E4E2E93}.Release|x86.Build.0 = Release|Win32
		{34E98D02-ACD8-486B-ABE5-48556B16A189}.Debug|x64.ActiveCfg = Debug|x64
		{34E98D02-ACD8-486B-ABE5-48556B16A189}.Debug|x64.Build.0 = Debug|x64
		{34E98D02-ACD8-486B-ABE5-48556B16A189}.Debug|x86.ActiveCfg = Debug|Win32
		{34E98D02-ACD8-486B-ABE5-48556B16A189}.Debug|x86.Build.0 = Debug|Win32
		{34E98D02-ACD8-486B-ABE5-48556B16A189}.Release|x64.ActiveCfg = Release|x64
		{34E98D02-ACD8-486B-ABE5-48556B16A189}.Release|x64.Build.0 = Release|x64
		{34E98D02-ACD8-486B-ABE5-48556B16A189}.Release|x86.ActiveCfg = Release|Win32
		{34E98D02-ACD8-486B-ABE5-48556B16A189}.Release|x86.Build.0 = Release|Win32
		{C140423E-26D9-4653-8E6A-82D7EEF99329}.Debug|x64.ActiveCfg = Debug|x64
		{C140423E-26D9-4653-8E6A-82D7EEF99329}.Debug|x64.Build.0 = Debug|x64
		{C140423E-26D9-4653-8E6A-82D7EEF99329}.Debug|x86.ActiveCfg = Debug|Win32
		{C140423E-26D9-4653-8E6A-82D7EEF99329}.Debug|x86.Build.0 = Debug|Win32
		{C140423E-26D9-4653-8E6A-82D7EEF99329}.Release|x64.ActiveCfg = Release|x64
		{C140423E-26D9-4653-8E6A-82D7EEF99329}.Release|x64.Build.0 = Release|x64
		{C140423E-26D9-4653-8E6A-82D7EEF99329}.Release|x86.ActiveCfg = Release|Win32
		{C140423E-26D9-4653-8E6A-82D7EEF99329}.Release|x86.Build.0 = Release|Win32
		{B678B8E5-39DD-48D0-BA09-4CDD9BDF0C89}.Debug|x64.ActiveCfg = Debug|x64
		{B678B8E5-39DD-48D0-BA09-4CDD9BDF0C89}.Debug|x64.Build.0 = Debug|x64
		{B678B8E5-39DD-48D0-BA09-4CDD9BDF0C89}.Debug|x86.ActiveCfg = Debug|Win32
		{B678B8E5-39DD-48D0-BA09-4CDD9BDF0C89}.Debug|x86.Build.0 = Debug|Win32
		{B678B8E5-39DD-48D0-BA09-4CDD9BDF0C89}.Release|x64.ActiveCfg = Release|x64
		{B678B8E5-39DD-48D0-BA09-4CDD9BDF0C89}.Release|x64.Build.0 = Release|x64
		{B678B8E5-39DD-48D0-BA09-4CDD9BDF0C89}.Release|x86.ActiveCfg = Release|Win32
		{B678B8E5-39DD-48D0-BA09-4CDD9BDF0C89}.Release|x86.Build.0 = Release|Win32
		{9C53D867-1059-4314-A715-005080C3FB88}.Debug|x64.ActiveCfg = Debug|x64
		{9C53D867-1059-4314-A715-005080C3FB88}.Debug|x64.Build.0 = Debug|x64
		{9C53D867-1059-4314-A715-005080C3FB88}.Debug|x86.ActiveCfg = Debug|Win32
		{9C53D867-1059-4314-A715-005080C3FB88}.Debug|x86.Build.0 = Debug|Win32
		{9C53D867-1059-4314-A715-005080C3FB88}.Release|x64.ActiveCfg = Release|x64
		{9C53D867-1059-4314-A715-005080C3FB88}.Release|x64.Build.0 = Release|x64
		{9C53D867-1059-4314-A715-005080C3FB88}.Release|x86.ActiveCfg = Release|Win32
		{9C53D867-1059-4314-A715-005080C3FB88}.Release|x86.Build.0 = Release|Win32
		{930EE805-6A6C-4286-A957-762ADAEB4EC8}.Debug|x64.ActiveCfg = Debug|x64
		{930EE805-6A6C-4286-A957-762ADAEB4EC8}.Debug|x64.Build.0 = Debug|x64
		{930EE805-6A6C-4286-A957-762ADAEB4EC8}.Debug|x86.ActiveCfg = Debug|Win32
		{930EE805-6A6C-4286-A957-762ADAEB4EC8}.Debug|x86.Build.0 = Debug|Win32
		{930EE805-6A6C-4286-A957-762ADAEB4EC8}.Release|x64.ActiveCfg = Release|x64
		{930EE805-6A6C-4286-A957-762ADAEB4EC8}.Release|x64.Build.0 = Release|x64
		{930EE805-6A6C-4286-A957-762ADAEB4EC8}.Release|x86.ActiveCfg = Release|Win32
		{930EE805-6A6C-4286-A957-762ADAEB4EC8}.Release|x86.Build.0 = Release|Win32
		{7AEB8EA3-6088-4576-84CD-92DDE0B7AFE1}.Debug|x64.ActiveCfg = Debug|x64
		{7AEB8EA3-6088-4576-84CD-92DDE0B7AFE1}.Debug|x64.Build.0 = Debug|x64
		{7AEB8EA3-6088-4576-84CD-92DDE0B7AFE1}.Debug|x86.ActiveCfg = Debug|Win32
		{7AEB8EA3-6088-4576-84CD-92DDE0B7AFE1}.Debug|x86.Build.0 = Debug|Win32
		{7AEB8EA3-6088-4576-84CD-92DDE0B7AFE1}.Release|x64.ActiveCfg = Release|x64
		{7AEB8EA3-6088-4576-84CD-92DDE0B7AFE1}.Release|x64.Build.0 = Release|x64
		{7AEB8EA3-6088-4576-84CD-92DDE0B7AFE1}.Release|x86.ActiveCfg = Release|Win32
		{7AEB8EA3-6088-4576-84CD-92DDE0B7AFE1}.Release|x86.Build.0 = Release|Win32
		{F3B045B3-017C-499F-B94D-7C1FD2F644CD}.Debug|x64.ActiveCfg = Debug|x64
		{F3B045B3-017C-499F-B94D-7C1FD2F644CD}.Debug|x64.Build.0 = Debug|x64
		{F3B045B3-017C-499F-B94D-7C1FD2F644CD}.Debug|x86.ActiveCfg = Debug|Win32
		{F3B045B3-017C-499F-B94D-7C1FD2F644CD}.Debug|x86.Build.0 = Debug|Win32
		{F3B045B3-017C-499F-B94D-7C1FD2F644CD}.Release|x64.ActiveCfg = Release|x64
		{F3B045B3-017C-499F-B94D-7C1FD2F644CD}.Release|x64.Build.0 = Release|x64
		{F3B045B3-017C-499F-B94D-7C1FD2F644CD}.Release|x86.ActiveCfg = Release|Win32
		{F3B045B3-017C-499F-B94D-7C1FD2F644CD}.Release|x86.Build.0 = Release|Win32
		{93430E8F-36E0-4881-981D-7907986A355F}.Debug|x64.ActiveCfg = Debug|x64
		{93430E8F-36E0-4881-981D-7907986A355F}.Debug|x64.Build.0 = Debug|x64
		{93430E8F-36E0-4881-981D-7907986A355F}.Debug|x86.ActiveCfg = Debug|Win32
		{93430E8F-36E0-4881-981D-7907986A355F}.Debug|x86.Build.0 = Debug|Win32
		{93430E8F-36E0-4881-981D-7907986A355F}.Release|x64.ActiveCfg = Release|x64
		{93430E8F-36E0-4881-981D-7907986A355F}.Release|x64.Build.0 = Release|x64
		{93430E8F-36E0-4881-981D-7907986A355F}.Release|x86.ActiveCfg = Release|Win32
		{93430E8F-36E0-4881-981D-7907986A355F}.Release|x86.Build.0 = Release|Win32
		{6BE42FE3-1E84-4780-9426-38F5D745EB8E}.Debug|x64.ActiveCfg = Debug|x64
		{6BE42FE3-1E84-4780-9426-38F5D745EB8E}.Debug|x64.Build.0 = Debug|x64
		{6BE42FE3-1E84-4780-9426-38F5D745EB8E}.Debug|x86.ActiveCfg = Debug|Win32
		{6BE42FE3-1E84-4780-9426-38F5D745EB8E}.Debug|x86.Build.0 = Debug|Win32
		{6BE42FE3-1E84-4780-9426-38F5D745EB8E}.Release|x64.ActiveCfg = Release|x64
		{6BE42FE3-1E84-4780-9426-38F5D745EB8E}.Release|x64.Build.0 = Release|x64
		{6BE42FE3-1E84-4780-9426-38F5D745EB8E}.Release|x86.ActiveCfg = Release|Win32
		{6BE42FE3-1E84-4780-9426-38F5D745EB8E}.Release|x86.Build.0 = Release|Win32
		{F8081413-8716-4C53-BBF8-DCA84BF42460}.Debug|x64.ActiveCfg = Debug|x64
		{F8081413-8716-4C53-BBF8-DCA84BF42460}.Debug|x64.Build.0 = Debug|x64
		{F8081413-8716-4C53-BBF8-DCA84BF42460}.Debug|x86.ActiveCfg = Debug|Win32
		{F8081413-8716-4C53-BBF8-DCA84BF42460}.Debug|x86.Build.0 = Debug|Win32
		{F8081413-8716-4C53-BBF8-DCA84BF42460}.Release|x64.ActiveCfg = Release|x64
		{F8081413-8716-4C53-BBF8-DCA84BF42460}.Release|x64.Build.0 = Release|x64
		{F8081413-8716-4C53-BBF8-DCA84BF42460}.Release|x86.ActiveCfg = Release|Win32
		{F8081413-8716-4C53-BBF8-DCA84BF42460}.Release|x86.Build.0 = Release|Win32
		{983FAEEE-0424-413D-BF3C-04E69CCE10BD}.Debug|x64.ActiveCfg = Debug|x64
		{983FAEEE-0424-413D-BF3C-04E69CCE10BD}.Debug|x64.Build.0 = Debug|x64
		{983FAEEE-0424-413D-BF3C-04E69CCE10BD}.Debug|x86.ActiveCfg = Debug|Win32
		{983FAEEE-0424-413D-BF3C-04E69CCE10BD}.Debug|x86.Build.0 = Debug|Win32
		{983FAEEE-0424-413D-BF3C-04E69CCE10BD}.Release|x64.ActiveCfg = Release|x64
		{983FAEEE-0424-413D-BF3C-04E69CCE10BD}.Release|x64.Build.0 = Release|x64
		{983FAEEE-0424-413D-BF3C-04E69CCE10BD}.Release|x86.ActiveCfg = Release|Win32
		{983FAEEE-0424-413D-BF3C-04E69CCE10BD}.Release|x86.Build.0 = Release|Win32
		{D6C10ADC-8F7E-4997-9033-EC4080CC49BF}.Debug|x64.ActiveCfg = Debug|x64
		{D6C10ADC-8F7E-4997-9033-EC4080CC49BF}.Debug|x64.Build.0 = Debug|x64
		{D6C10ADC-8F7E-4997-9033-EC4080CC49BF}.Debug|x86.ActiveCfg = Debug|Win32
		{D6C10ADC-8F7E-4997-9033-EC4080CC49BF}.Debug|x86.Build.0 = Debug|Win32
		{D6C10ADC-8F7E-4997-9033-EC4080CC49BF}.Release|x64.ActiveCfg = Release|x64
		{D6C10ADC-8F7E-4997-9033-EC4080CC49BF}.Release|x64.Build.0 = Release|x64
		{D6C10ADC-8F7E-4997-9033-EC4080CC49BF}.Release|x86.ActiveCfg = Release|Win32
		{D6C10ADC-8F7E-4997-9033-EC4080CC49BF}.Release|x86.Build.0 = Release|Win32
		{43DF5D9D-EBC0-488A-82D2-85A4C15562DD}.Debug|x64.ActiveCfg = Debug|x64
		{43DF5D9D-EBC0-488A-82D2-85A4C15562DD}.Debug|x64.Build.0 = Debug|x64
		{43DF5D9D-EBC0-488A-82D2-85A4C15562DD}.Debug|x86.ActiveCfg = Debug|Win32
		{43DF5D9D-EBC0-488A-82D2-85A4C15562DD}.Debug|x86.Build.0 = Debug|Win32
		{43DF5D9D-EBC0-488A-82D2-85A4C15562DD}.Release|x64.ActiveCfg = Release|x64
		{43DF5D9D-EBC0-488A-82D2-85A4C15562DD}.Release|x64.Build.0 = Release|x64
		{43DF5D9D-EBC0-488A-82D2-85A4C15562DD}.Release|x86.ActiveCfg = Release|Win32
		{43DF5D9D-EBC0-488A-82D2-85A4C15562DD}.Release|x86.Build.0 = Release|Win32
		{04EA24F7-53DD-424F-BCA3-87C6315EC2E1}.Debug|x64.ActiveCfg = Debug|x64
		{04EA24F7-53DD-424F-BCA3-87C6315EC2E1}.Debug|x64.Build.0 = Debug|x64
		{04EA24F7-53DD-424F-BCA3-87C6315EC2E1}.Debug|x86.ActiveCfg = Debug|Win32
		{04EA24F7-53DD-424F-BCA3-87C6315EC2E1}.Debug|x86.Build.0 = Debug|Win32
		{04EA24F7-53DD-424F-BCA3-87C6315EC2E1}.Release|x64.ActiveCfg = Release|x64
		{04EA24F7-53DD-424F-BCA3-87C6315EC2E1}.Release|x64.Build.0 = Release|x64
		{04EA24F7-53DD-424F-BCA3-87C6315EC2E1}.Release|x86.ActiveCfg = Release|Win32
		{04EA24F7-53DD-424F-BCA3-87C6315EC2E1}.Release|x86.Build.0 = Release|Win32
		{75D911E3-E1A8-4EFB-9BB9-21F04161F568}.Debug|x64.ActiveCfg = Debug|x64
		{75D911E3-E1A8-4EFB-9BB9-21F04161F568}.Debug|x64.Build.0 = Debug|x64
		{75D911E3-E1A8-4EFB-9BB9-21F04161F568}.Debug|x86.ActiveCfg = Debug|Win32
		{75D911E3-E1A8-4EFB-9BB9-21F04161F568}.Debug|x86.Build.0 = Debug|Win32
		{75D911E3-E1A8-4EFB-9BB9-21F04161F568}.Release|x64.ActiveCfg = Release|x64
		{75D911E3-E1A8-4EFB-9BB9-21F04161F568}.Release|x64.Build.0 = Release|x64
		{75D911E3-E1A8-4EFB-9BB9-21F04161F568}.Release|x86.ActiveCfg = Release|Win32
		{75D911E3-E1A8-4EFB-9BB9-21F04161F568}.Release|x86.Build.0 = Release|Win32
		{202DF23B-9DF9-4789-A654-E2DA65C4867A}.Debug|x64.ActiveCfg = Debug|x64
		{202DF23B-9DF9-4789-A654-E2DA65C4867A}.Debug|x64.Build.0 = Debug|x64
		{202DF23B-9DF9-4789-A654-E2DA65C4867A}.Debug|x86.ActiveCfg = Debug|Win32
		{202DF23B-9DF9-4789-A654-E2DA65C4867A}.Debug|x86.Build.0 = Debug|Win32
		{202DF23B-9DF9-4789-A654-E2DA65C4867A}.Release|x64.ActiveCfg = Release|x64
		{202DF23B-9DF9-4789-A654-E2DA65C4867A}.Release|x64.Build.0 = Release|x64
		{202DF23B-9DF9-4789-A654-E2DA65C4867A}.Release|x86.ActiveCfg = Release|Win32
		{202DF23B-9DF9-4789-A654-E2DA65C4867A}.Release|x86.Build.0 = Release|Win32
		{3C4300DE-21B9-46AB-830A-DB8F05AF8E29}.Debug|x64.ActiveCfg = Debug|x64
		{3C4300DE-21B9-46AB-830A-DB8F05AF8E29}.Debug|x64.Build.0 = Debug|x64
		{3C4300DE-21B9-46AB-830A-DB8F05AF8E29}.Debug|x86.ActiveCfg = Debug|Win32
		{3C4300DE-21B9-46AB-830A-DB8F05AF8E29}.Debug|x86.Build.0 = Debug|Win32
		{3C4300DE-21B9-46AB-830A-DB8F05AF8E29}.Release|x64.ActiveCfg = Release|x64
		{3C4300DE-21B9-46AB-830A-DB8F05AF8E29}.Release|x64.Build.0 = Release|x64
		{3C4300DE-21B9-46AB-830A-DB8F05AF8E29}.Release|x86.ActiveCfg = Release|Win32
		{3C4300DE-21B9-46AB-830A-DB8F05AF8E29}.Release|x86.Build.0 = Release|Win32
		{1134A4C4-5613-4891-B33F-2DA875AD7024}.Debug|x64.ActiveCfg = Debug|x64
		{1134A4C4-5613-4891-B33F-2DA875AD7024}.Debug|x64.Build.0 = Debug|x64
		{1134A4C4-5613-4891-B33F-2DA875AD7024}.Debug|x86.ActiveCfg = Debug|Win32
		{1134A4C4-5613-4891-B33F-2DA875AD7024}.Debug|x86.Build.0 = Debug|Win32
		{1134A4C4-5613-4891-B33F-2DA875AD7024}.Release|x64.ActiveCfg = Release|x64
		{1134A4C4-5613-4891-B33F-2DA875AD7024}.Release|x64.Build.0 = Release|x64
		{1134A4C4-5613-4891-B33F-2DA875AD7024}.Release|x86.ActiveCfg = Release|Win32
		{1134A4C4-5613-4891-B33F-2DA875AD7024}.Release|x86.Build.0 = Release|Win32
		{F37E5A13-8C79-41EA-B4C0-DA0BE821129E}.Debug|x64.ActiveCfg = Debug|x64
		{F37E5A13-8C79-41EA-B4C0-DA0BE821129E}.Debug|x64.Build.0 = Debug|x64
		{F37E5A13-8C79-41EA-B4C0-DA0BE821129E}.Debug|x86.ActiveCfg = Debug|Win32
		{F37E5A13-8C79-41EA-B4C0-DA0BE821129E}.Debug|x86.Build.0 = Debug|Win32
		{F37E5A13-8C79-41EA-B4C0-DA0BE821129E}.Release|x64.ActiveCfg = Release|x64
		{F37E5A13-8C79-41EA-B4C0-DA0BE821129E}.Release|x64.Build.0 = Release|x64
		{F37E5A13-8C79-41EA-B4C0-DA0BE821129E}.Release|x86.ActiveCfg = Release|Win32
		{F37E5A13-8C79-41EA-B4C0-DA0BE821129E}.Release|x86.Build.0 = Release|Win32
		{4D537C64-CE2F-4340-A3CE-05C00EA0BA7B}.Debug|x64.ActiveCfg = Debug|x64
		{4D537C64-CE2F-4340-A3CE-05C00EA0BA7B}.Debug|x64.Build.0 = Debug|x64
		{4D537C64-CE2F-4340-A3CE-05C00EA0BA7B}.Debug|x86.ActiveCfg = Debug|Win32
		{4D537C64-CE2F-4340-A3CE-05C00EA0BA7B}.Debug|x86.Build.0 = Debug|Win32
		{4D537C64-CE2F-4340-A3CE-05C00EA0BA7B}.Release|x64.ActiveCfg = Release|x64
		{4D537C64-CE2F-4340-A3CE-05C00EA0BA7B}.Release|x64.Build.0 = Release|x64
		{4D537C64-CE2F-4340-A3CE-05C00EA0BA7B}.Release|x86.ActiveCfg = Release|Win32
		{4D537C64-CE2F-4340-A3CE-05C00EA0BA7B}.Release|x86.Build.0 = Release|Win32
		{4FD4C135-2170-4C10-92F2-3F6859B827F9}.Debug|x64.ActiveCfg = Debug|x64
		{4FD4C135-2170-4C10-92F2-3F6859B827F9}.Debug|x64.Build.0 = Debug|x64
		{4FD4C135-2170-4C10-92F2-3F6859B827F9}.Debug|x86.ActiveCfg = Debug|Win32
		{4FD4C135-2170-4C10-92F2-3F6859B827F9}.Debug|x86.Build.0 = Debug|Win32
		{4FD4C135-2170-4C10-92F2-3F6859B827F9}.Release|x64.ActiveCfg = Release|x64
		{4FD4C135-2170-4C10-92F2-3F6859B827F9}.Release|x64.Build.0 = Release|x64
		{4FD4C135-2170-4C10-92F2-3F6859B827F9}.Release|x86.ActiveCfg = Release|Win32
		{4FD4C135-2170-4C10-92F2-3F6859B827F9}.Release|x86.Build.0 = Release|Win32
		{DFBAC61D-D8B1-44EE-8D4D-9FA2BB23B5B2}.Debug|x64.ActiveCfg = Debug|x64
		{DFBAC61D-D8B1-44EE-8D4D-9FA2BB23B5B2}.Debug|x64.Build.0 = Debug|x64
		{DFBAC61D-D8B1-44EE-8D4D-9FA2BB23B5B2}.Debug|x86.ActiveCfg = Debug|Win32
		{DFBAC61D-D8B1-44EE-8D4D-9FA2BB23B5B2}.Debug|x86.Build.0 = Debug|Win32
		{DFBAC61D-D8B1-44EE-8D4D-9FA2BB23B5B2}.Release|x64.ActiveCfg = Release|x64
		{DFBAC61D-D8B1-44EE-8D4D-9FA2BB23B5B2}.Release|x64.Build.0 = Release|x64
		{DFBAC61D-D8B1-44EE-8D4D-9FA2BB23B5B2}.Release|x86.ActiveCfg = Release|Win32
		{DFBAC61D-D8B1-44EE-8D4D-9FA2BB23B5B2}.Release|x86.Build.0 = Release|Win32
		{954C698C-32AC-4B94-930F-55114536B779}.Debug|x64.ActiveCfg = Debug|x64
		{954C698C-32AC-4B94-930F-55114536B779}.Debug|x64.Build.0 = Debug|x64
		{954C698C-32AC-4B94-930F-55114536B779}.Debug|x86.ActiveCfg = Debug|Win32
		{954C698C-32AC-4B94-930F-55114536B779}.Debug|x86.Build.0 = Debug|Win32
		{954C698C-32AC-4B94-930F-55114536B779}.Release|x64.ActiveCfg = Release|x64
		{954C698C-32AC-4B94-930F-55114536B779}.Release|x64.Build.0 = Release|x64
		{954C698C-32AC-4B94-930F-55114536B779}.Release|x86.ActiveCfg = Release|Win32
		{954C698C-32AC-4B94-930F-55114536B779}.Release|x86.Build.0 = Release|Win32
		{2C33FE04-4953-41A1-82C4-5336C43C8AEA}.Debug|x64.ActiveCfg = Debug|x64
		{2C33FE04-4953-41A1-82C4-5336C43C8AEA}.Debug|x64.Build.0 = Debug|x64
		{2C33FE04-4953-41A1-82C4-5336C43C8AEA}.Debug|x86.ActiveCfg = Debug|Win32
		{2C33FE04-4953-41A1-82C4-5336C43C8AEA}.Debug|x86.Build.0 = Debug|Win32
		{2C33FE04-4953-41A1-82C4-5336C43C8AEA}.Release|x64.ActiveCfg = Release|x64
		{2C33FE04-4953-41A1-82C4-5336C43C8AEA}.Release|x64.Build.0 = Release|x64
		{2C33FE04-4953-41A1-82C4-5336C43C8AEA}.Release|x86.ActiveCfg = Release|Win32
		{2C33FE04-4953-41A1-82C4-5336C43C8AEA}.Release|x86.Build.0 = Release|Win32
		{82312D20-109B-4ADE-B2E8-C6502F47F14A}.Debug|x64.ActiveCfg = Debug|x64
		{82312D20-109B-4ADE-B2E8-C6502F47F14A}.Debug|x64.Build.0 = Debug|x64
		{82312D20-109B-4ADE-B2E8-C6502F47F14A}.Debug|x86.ActiveCfg = Debug|Win32
		{82312D20-109B-4ADE-B2E8-C6502F47F14A}.Debug|x86.Build.0 = Debug|Win32
		{82312D20-109B-4ADE-B2E8-C6502F47F14A}.Release|x64.ActiveCfg = Release|x64
		{82312D20-109B-4ADE-B2E8-C6502F47F14A}.Release|x64.Build.0 = Release|x64
		{82312D20-109B-4ADE-B2E8-C6502F47F14A}.Release|x86.ActiveCfg = Release|Win32
		{82312D20-109B-4ADE-B2E8-C6502F47F14A}.Release|x86.Build.0 = Release|Win32
		{B3A7F88D-6F17-45CB-A2F2-3ECE98DB57D7}.Debug|x64.ActiveCfg = Debug|x64
		{B3A7F88D-6F17-45CB-A2F2-3ECE98DB57D7}.Debug|x64.Build.0 = Debug|x64
		{B3A7F88D-6F17-45CB-A2F2-3ECE98DB57D7}.Debug|x86.ActiveCfg = Debug|Win32
		{B3A7F88D-6F17-45CB-A2F2-3ECE98DB57D7}.Debug|x86.Build.0 = Debug|Win32
		{B3A7F88D-6F17-45CB-A2F2-3ECE98DB57D7}.Release|x64.ActiveCfg = Release|x64
		{B3A7F88D-6F17-45CB-A2F2-3ECE98DB57D7}.Release|x64.Build.0 = Release|x64
		{B3A7F88D-6F17-45CB-A2F2-3ECE98DB57D7}.Release|x86.ActiveCfg = Release|Win32
		{B3A7F88D-6F17-45CB-A2F2-3ECE98DB57D7}.Release|x86.Build.0 = Release|Win32
		{72F07893-14D2-47C0-99D1-D84E7895D2BC}.Debug|x64.ActiveCfg = Debug|x64
		{72F07893-14D2-47C0-99D1-D84E7895D2BC}.Debug|x64.Build.0 = Debug|x64
		{72F07893-14D2-47C0-99D1-D84E7895D2BC}.Debug|x86.ActiveCfg = Debug|Win32
		{72F07893-14D2-47C0-99D1-D84E7895D2BC}.Debug|x86.Build.0 = Debug|Win32
		{72F07893-14D2-47C0-99D1-D84E7895D2BC}.Release|x64.ActiveCfg = Release|x64
		{72F07893-14D2-47C0-99D1-D84E7895D2BC}.Release|x64.Build.0 = Release|x64
		{72F07893-14D2-47C0-99D1-D84E7895D2BC}.Release|x86.ActiveCfg = Release|Win32
		{72F07893-14D2-47C0-99D1-D84E7895D2BC}.Release|x86.Build.0 = Release|Win32
		{12D0B974-D212-4B9D-8FE4-210CFC70D04E}.Debug|x64.ActiveCfg = Debug|x64
		{12D0B974-D212-4B9D-8FE4-210CFC70D04E}.Debug|x64.Build.0 = Debug|x64
		{12D0B974-D212-4B9D-8FE4-210CFC70D04E}.Debug|x86.ActiveCfg = Debug|Win32
		{12D0B974-D212-4B9D-8FE4-210CFC70D04E}.Debug|x86.Build.0 = Debug|Win32
		{12D0B974-D212-4B9D-8FE4-210CFC70D04E}.Release|x64.ActiveCfg = Release|x64
		{12D0B974-D212-4B9D-8FE4-210CFC70D04E}.Release|x64.Build.0 = Release|x64
		{12D0B974-D212-4B9D-8FE4-210CFC70D04E}.Release|x86.ActiveCfg = Release|Win32
		{12D0B974-D212-4B9D-8FE4-210CFC70D04E}.Release|x86.Build.0 = Release|Win32
		{E0983AAF-B91B-4E4D-A990-3E4354D27E20}.Debug|x64.ActiveCfg = Debug|x64
		{E0983AAF-B91B-4E4D-A990-3E4354D27E20}.Debug|x64.Build.0 = Debug|x64
		{E0983AAF-B91B-4E4D-A990-3E4354D27E20}.Debug|x86.ActiveCfg = Debug|Win32
		{E0983AAF-B91B-4E4D-A990-3E4354D27E20}.Debug|x86.Build.0 = Debug|Win32
		{E0983AAF-B91B-4E4D-A990-3E4354D27E20}.Release|x64.ActiveCfg = Release|x64
		{E0983AAF-B91B-4E4D-A990-3E4354D27E20}.Release|x64.Build.0 = Release|x64
		{E0983AAF-B91B-4E4D-A990-3E4354D27E20}.Release|x86.ActiveCfg = Release|Win32
		{E0983AAF-B91B-4E4D-A990-3E4354D27E20}.Release|x86.Build.0 = Release|Win32
		{502EC954-427D-44B1-A889-96501CBE73C9}.Debug|x64.ActiveCfg = Debug|x64
		{502EC954-427D-44B1-A889-96501CBE73C9}.Debug|x64.Build.0 = Debug|x64
		{502EC954-427D-44B1-A889-96501CBE73C9}.Debug|x86.ActiveCfg = Debug|Win32
		{502EC954-427D-44B1-A889-96501CBE73C9}.Debug|x86.Build.0 = Debug|Win32
		{502EC954-427D-44B1-A889-96501CBE73C9}.Release|x64.ActiveCfg = Release|x64
		{502EC954-427D-44B1-A889-96501CBE73C9}.Release|x64.Build.0 = Release|x64
		{502EC954-427D-44B1-A889-96501CBE73C9}.Release|x86.ActiveCfg = Release|Win32
		{502EC954-427D-44B1-A889-96501CBE73C9}.Release|x86.Build.0 = Release|Win32
		{A4045E9D-F128-4E28-973B-502ACB46D781}.Debug|x64.ActiveCfg = Debug|x64
		{A4045E9D-F128-4E28-973B-502ACB46D781}.Debug|x64.Build.0 = Debug|x64
		{A4045E9D-F128-4E28-973B-502ACB46D781}.Debug|x86.ActiveCfg = Debug|Win32
		{A4045E9D-F128-4E28-973B-502ACB46D781}.Debug|x86.Build.0 = Debug|Win32
		{A4045E9D-F128-4E28-973B-502ACB46D781}.Release|x64.ActiveCfg = Release|x64
		{A4045E9D-F128-4E28-973B-502ACB46D781}.Release|x64.Build.0 = Release|x64
		{A4045E9D-F128-4E28-973B-502ACB46D781}.Release|x86.ActiveCfg = Release|Win32
		{A4045E9D-F128-4E28-973B-502ACB46D781}.Release|x86.Build.0 = Release|Win32
		{C4B3641F-3D4C-45A7-9AAF-AB6CF1D19CC0}.Debug|x64.ActiveCfg = Debug|x64
		{C4B3641F-3D4C-45A7-9AAF-AB6CF1D19CC0}.Debug|x64.Build.0 = Debug|x64
		{C4B3641F-3D4C-45A7-9AAF-AB6CF1D19CC0}.Debug|x86.ActiveCfg = Debug|Win32
		{C4B3641F-3D4C-45A7-9AAF-AB6CF1D19CC0}.Debug|x86.Build.0 = Debug|Win32
		{C4B3641F-3D4C-45A7-9AAF-AB6CF1D19CC0}.Release|x64.ActiveCfg = Release|x64
		{C4B3641F-3D4C-45A7-9AAF-AB6CF1D19CC0}.Release|x64.Build.0 = Release|x64
		{C4B3641F-3D4C-45A7-9AAF-AB6CF1D19CC0}.Release|x86.ActiveCfg = Release|Win32
		{C4B3641F-3D4C-45A7-9AAF-AB6CF1D19CC0}.Release|x86.Build.0 = Release|Win32
		{92BDF6F6-441B-4A9F-8514-D1D6B22186F1}.Debug|x64.ActiveCfg = Debug|x64
		{92BDF6F6-441B-4A9F-8514-D1D6B22186F1}.Debug|x64.Build.0 = Debug|x64
		{92BDF6F6-441B-4A9F-8514-D1D6B22186F1}.Debug|x86.ActiveCfg = Debug|Win32
		{92BDF6F6-441B-4A9F-8514-D1D6B22186F1}.Debug|x86.Build.0 = Debug|Win32
		{92BDF6F6-441B-4A9F-8514-D1D6B22186F1}.Release|x64.ActiveCfg = Release|x64
		{92BDF6F6-441B-4A9F-8514-D1D6B22186F1}.Release|x64.Build.0 = Release|x64
		{92BDF6F6-441B-4A9F-8514-D1D6B22186F1}.Release|x86.ActiveCfg = Release|Win32
		{92BDF6F6-441B-4A9F-8514-D1D6B22186F1}.Release|x86.Build.0 = Release|Win32
		{00FC3393-0315-4DC9-B894-2719AAA8BF99}.Debug|x64.ActiveCfg = Debug|x64
		{00FC3393-0315-4DC9-B894-2719AAA8BF99}.Debug|x64.Build.0 = Debug|x64
		{00FC3393-0315-4DC9-B894-2719AAA8BF99}.Debug|x86.ActiveCfg = Debug|Win32
		{00FC3393-0315-4DC9-B894-2719AAA8BF99}.Debug|x86.Build.0 = Debug|Win32
		{00FC3393-0315-4DC9-B894-2719AAA8BF99}.Release|x64.ActiveCfg = Release|x64
		{00FC3393-0315-4DC9-B894-2719AAA8BF99}.Release|x64.Build.0 = Release|x64
		{00FC3393-0315-4DC9-B894-2719AAA8BF99}.Release|x86.ActiveCfg = Release|Win32
		{00FC3393-0315-4DC9-B894-2719AAA8BF99}.Release|x86.Build.0 = Release|Win32
		{226324C5-786C-44EC-8654-B67406E15E57}.Debug|x64.ActiveCfg = Debug|x64
		{226324C5-786C-44EC-8654-B67406E15E57}.Debug|x64.Build.0 = Debug|x64
		{226324C5-786C-44EC-8654-B67406E15E57}.Debug|x86.ActiveCfg = Debug|Win32
		{226324C5-786C-44EC-8654-B67406E15E57}.Debug|x86.Build.0 = Debug|Win32
		{226324C5-786C-44EC-8654-B67406E15E57}.Release|x64.ActiveCfg = Release|x64
		{226324C5-786C-44EC-8654-B67406E15E57}.Release|x64.Build.0 = Release|x64
		{226324C5-786C-44EC-8654-B67406E15E57}.Release|x86.ActiveCfg = Release|Win32
		{226324C5-786C-44EC-8654-B67406E15E57}.Release|x86.Build.0 = Release|Win32
		{5EA1B165-B05D-4D65-B53A-3A6B10E513A8}.Debug|x64.ActiveCfg = Debug|x64
		{5EA1B165-B05D-4D65-B53A-3A6B10E513A8}.Debug|x64.Build.0 = Debug|x64
		{5EA1B165-B05D-4D65-B53A-3A6B10E513A8}.Debug|x86.ActiveCfg = Debug|Win32
		{5EA1B165-B05D-4D65-B53A-3A6B10E513A8}.Debug|x86.Build.0 = Debug|Win32
		{5EA1B165-B05D-4D65-B53A-3A6B10E513A8}.Release|x64.ActiveCfg = Release|x64
		{5EA1B165-B05D-4D65-B53A-3A6B10E513A8}.Release|x64.Build.0 = Release|x64
		{5EA1B165-B05D-4D65-B53A-3A6B10E513A8}.Release|x86.ActiveCfg = Release|Win32
		{5EA1B165-B05D-4D65-B53A-3A6B10E513A8}.Release|x86.Build.0 = Release|Win32
		{3AE6958A-9728-43C1-9AA1-E9160A51E58D}.Debug|x64.ActiveCfg = Debug|x64
		{3AE6958A-9728-43C1-9AA1-E9160A51E58D}.Debug|x64.Build.0 = Debug|x64
		{3AE6958A-9728-43C1-9AA1-E9160A51E58D}.Debug|x86.ActiveCfg = Debug|Win32
		{3AE6958A-9728-43C1-9AA1-E9160A51E58D}.Debug|x86.Build.0 = Debug|Win32
		{3AE6958A-9728-43C1-9AA1-E9160A51E58D}.Release|x64.ActiveCfg = Release|x64
		{3AE6958A-9728-43C1-9AA1-E9160A51E58D}.Release|x64.Build.0 = Release|x64
		{3AE6958A-9728-43C1-9AA1-E9160A51E58D}.Release|x86.ActiveCfg = Release|Win32
		{3AE6958A-9728-43C1-9AA1-E9160A51E58D}.Release|x86.Build.0 = Release|Win32
		{BD8108E5-5439-4EB2-AB18-B175A00FC193}.Debug|x64.ActiveCfg = Debug|x64
		{BD8108E5-5439-4EB2-AB18-B175A00FC193}.Debug|x64.Build.0 = Debug|x64
		{BD8108E5-5439-4EB2-AB18-B175A00FC193}.Debug|x86.ActiveCfg = Debug|Win32
		{BD8108E5-5439-4EB2-AB18-B175A00FC193}.Debug|x86.Build.0 = Debug|Win32
		{BD8108E5-5439-4EB2-AB18-B175A00FC193}.Release|x64.ActiveCfg = Release|x64
		{BD8108E5-5439-4EB2-AB18-B175A00FC193}.Release|x64.Build.0 = Release|x64
		{BD8108E5-5439-4EB2-AB18-B175A00FC193}.Release|x86.ActiveCfg = Release|Win32
		{BD8108E5-5439-4EB2-AB18-B175A00FC193}.Release|x86.Build.0 = Release|Win32
		{8CCF3C43-A581-4C82-A171-F74EB734850D}.Debug|x64.ActiveCfg = Debug|x64
		{8CCF3C43-A581-4C82-A171-F74EB734850D}.Debug|x64.Build.0 = Debug|x64
		{8CCF3C43-A581-4C82-A171-F74EB734850D}.Debug|x86.ActiveCfg = Debug|Win32
		{8CCF3C43-A581-4C82-A171-F74EB734850D}.Debug|x86.Build.0 = Debug|Win32
		{8CCF3C43-A581-4C82-A171-F74EB734850D}.Release|x64.ActiveCfg = Release|x64
		{8CCF3C43-A581-4C82-A171-F74EB734850D}.Release|x64.Build.0 = Release|x64
		{8CCF3C43-A581-4C82-A171-F74EB734850D}.Release|x86.ActiveCfg = Release|Win32
		{8CCF3C43-A581-4C82-A171-F74EB734850D}.Release|x86.Build.0 = Release|Win32
		{F199CA3F-4C10-49B5-935B-CE5A5C9F6974}.Debug|x64.ActiveCfg = Debug|x64
		{F199CA3F-4C10-49B5-935B-CE5A5C9F6974}.Debug|x64.Build.0 = Debug|x64
		{F199CA3F-4C10-49B5-935B-CE5A5C9F6974}.Debug|x86.ActiveCfg = Debug|Win32
		{F199CA3F-4C10-49B5-935B-CE5A5C9F6974}.Debug|x86.Build.0 = Debug|Win32
		{F199CA3F-4C10-49B5-935B-CE5A5C9F6974}.Release|x64.ActiveCfg = Release|x64
		{F199CA3F-4C10-49B5-935B-CE5A5C9F6974}.Release|x64.Build.0 = Release|x64
		{F199CA3F-4C10-49B5-935B-CE5A5C9F6974}.Release|x86.ActiveCfg = Release|Win32
		{F199CA3F-4C10-49B5-935B-CE5A5C9F6974}.Release|x86.Build.0 = Release|Win32
		{211E8224-3375-4B72-A4D1-AB30E7E1D489}.Debug|x64.ActiveCfg = Debug|x64
		{211E8224-3375-4B72-A4D1-AB30E7E1D489}.Debug|x64.Build.0 = Debug|x64
		{211E8224-3375-4B72-A4D1-AB30E7E1D489}.Debug|x86.ActiveCfg = Debug|Win32
		{211E8224-3375-4B72-A4D1-AB30E7E1D489}.Debug|x86.Build.0 = Debug|Win32
		{211E8224-3375-4B72-A4D1-AB30E7E1D489}.Release|x64.ActiveCfg = Release|x64
		{211E8224-3375-4B72-A4D1-AB30E7E1D489}.Release|x64.Build.0 = Release|x64
		{211E8224-3375-4B72-A4D1-AB30E7E1D489}.Release|x86.ActiveCfg = Release|Win32
		{211E8224-3375-4B72-A4D1-AB30E7E1D489}.Release|x86.Build.0 = Release|Win32
		{CEBD2787-9F12-4681-ADE4-A564E28605C2}.Debug|x64.ActiveCfg = Debug|x64
		{CEBD2787-9F12-4681-ADE4-A564E28605C2}.Debug|x64.Build.0 = Debug|x64
		{CEBD2787-9F12-4681-ADE4-A564E28605C2}.Debug|x86.ActiveCfg = Debug|Win32
		{CEBD2787-9F12-4681-ADE4-A564E28605C2}.Debug|x86.Build.0 = Debug|Win32
		{CEBD2787-9F12-4681-ADE4-A564E28605C2}.Release|x64.ActiveCfg = Release|x64
		{CEBD2787-9F12-4681-ADE4-A564E28605C2}.Release|x64.Build.0 = Release|x64
		{CEBD2787-9F12-4681-ADE4-A564E28605C2}.Release|x86.ActiveCfg = Release|Win32
		{CEBD2787-9F12-4681-ADE4-A564E28605C2}.Release|x86.Build.0 = Release|Win32
		{29F0BD06-E5C9-49FF-A8B4-2372F3EAEEAB}.Debug|x64.ActiveCfg = Debug|x64
		{29F0BD06-E5C9-49FF-A8B4-2372F3EAEEAB}.Debug|x64.Build.0 = Debug|x64
		{29F0BD06-E5C9-49FF-A8B4-2372F3EAEEAB}.Debug|x86.ActiveCfg = Debug|Win32
		{29F0BD06-E5C9-49FF-A8B4-2372F3EAEEAB}.Debug|x86.Build.0 = Debug|Win32
		{29F0BD06-E5C9-49FF-A8B4-2372F3EAEEAB}.Release|x64.ActiveCfg = Release|x64
		{29F0BD06-E5C9-49FF-A8B4-2372F3EAEEAB}.Release|x64.Build.0 = Release|x64
		{29F0BD06-E5C9-49FF-A8B4-2372F3EAEEAB}.Release|x86.ActiveCfg = Release|Win32
		{29F0BD06-E5C9-49FF-A8B4-2372F3EAEEAB}.Release|x86.Build.0 = Release|Win32
		{6A5D6EBA-F92E-41A3-B9D9-84E9DEFB93A8}.Debug|x64.ActiveCfg = Debug|x64
		{6A5D6EBA-F92E-41A3-B9D9-84E9DEFB93A8}.Debug|x64.Build.0 = Debug|x64
		{6A5D6EBA-F92E-41A3-B9D9-84E9DEFB93A8}.Debug|x86.ActiveCfg = Debug|Win32
		{6A5D6EBA-F92E-41A3-B9D9-84E9DEFB93A8}.Debug|x86.Build.0 = Debug|Win32
		{6A5D6EBA-F92E-41A3-B9D9-84E9DEFB93A8}.Release|x64.ActiveCfg = Release|x64
		{6A5D6EBA-F92E-41A3-B9D9-84E9DEFB93A8}.Release|x64.Build.0 = Release|x64
		{6A5D6EBA-F92E-41A3-B9D9-84E9DEFB93A8}.Release|x86.ActiveCfg = Release|Win32
		{6A5D6EBA-F92E-41A3-B9D9-84E9DEFB93A8}.Release|x86.Build.0 = Release|Win32
		{B1E4DBA0-1D22-42F6-9FA8-3B812C8CD375}.Debug|x64.ActiveCfg = Debug|x64
		{B1E4DBA0-1D22-42F6-9FA8-3B812C8CD375}.Debug|x64.Build.0 = Debug|x64
		{B1E4DBA0-1D22-42F6-9FA8-3B812C8CD375}.Debug|x86.ActiveCfg = Debug|Win32
		{B1E4DBA0-1D22-42F6-9FA8-3B812C8CD375}.Debug|x86.Build.0 = Debug|Win32
		{B1E4DBA0-1D22-42F6-9FA8-3B812C8CD375}.Release|x64.ActiveCfg = Release|x64
		{B1E4DBA0-1D22-42F6-9FA8-3B812C8CD375}.Release|x64.Build.0 = Release|x64
		{B1E4DBA0-1D22-42F6-9FA8-3B812C8CD375}.Release|x86.ActiveCfg = Release|Win32
		{B1E4DBA0-1D22-42F6-9FA8-3B812C8CD375}.Release|x86.Build.0 = Release|Win32
		{5FB24477-4348-498F-8C2B-756A649F2569}.Debug|x64.ActiveCfg = Debug|x64
		{5FB24477-4348-498F-8C2B-756A649F2569}.Debug|x64.Build.0 = Debug|x64
		{5FB24477-4348-498F-8C2B-756A649F2569}.Debug|x86.ActiveCfg = Debug|Win32
		{5FB24477-4348-498F-8C2B-756A649F2569}.Debug|x86.Build.0 = Debug|Win32
		{5FB24477-4348-498F-8C2B-756A649F2569}.Release|x64.ActiveCfg = Release|x64
		{5FB24477-4348-498F-8C2B-756A649F2569}.Release|x64.Build.0 = Release|x64
		{5FB24477-4348-498F-8C2B-756A649F2569}.Release|x86.ActiveCfg = Release|Win32
		{5FB24477-4348-498F-8C2B-756A649F2569}.Release|x86.Build.0 = Release|Win32
		{ED421D54-34D1-4CBF-AB5D-10D124A55271}.Debug|x64.ActiveCfg = Debug|x64
		{ED421D54-34D1-4CBF-AB5D-10D124A55271}.Debug|x64.Build.0 = Debug|x64
		{ED421D54-34D1-4CBF-AB5D-10D124A55271}.Debug|x86.ActiveCfg = Debug|Win32
		{ED421D54-34D1-4CBF-AB5D-10D124A55271}.Debug|x86.Build.0 = Debug|Win32
		{ED421D54-34D1-4CBF-AB5D-10D124A55271}.Release|x64.ActiveCfg = Release|x64
		{ED421D54-34D1-4CBF-AB5D-10D124A55271}.Release|x64.Build.0 = Release|x64
		{ED421D54-34D1-4CBF-AB5D-10D124A55271}.Release|x86.ActiveCfg = Release|Win32
		{ED421D54-34D1-4CBF-AB5D-10D124A55271}.Release|x86.Build.0 = Release|Win32
		{8BF9304B-AC35-46EB-ACB8-DF74FF2AB350}.Debug|x64.ActiveCfg = Debug|x64
		{8BF9304B-AC35-46EB-ACB8-DF74FF2AB350}.Debug|x64.Build.0 = Debug|x64
		{8BF9304B-AC35-46EB-ACB8-DF74FF2AB350}.Debug|x86.ActiveCfg = Debug|Win32
		{8BF9304B-AC35-46EB-ACB8-DF74FF2AB350}.Debug|x86.Build.0 = Debug|Win32
		{8BF9304B-AC35-46EB-ACB8-DF74FF2AB350}.Release|x64.ActiveCfg = Release|x64
		{8BF9304B-AC35-46EB-ACB8-DF74FF2AB350}.Release|x64.Build.0 = Release|x64
		{8BF9304B-AC35-46EB-ACB8-DF74FF2AB350}.Release|x86.ActiveCfg = Release|Win32
		{8BF9304B-AC35-46EB-ACB8-DF74FF2AB350}.Release|x86.Build.0 = Release|Win32
		{1102801E-2ED8-400A-B013-E7BB3160A7D6}.Debug|x64.ActiveCfg = Debug|x64
		{1102801E-2ED8-400A-B013-E7BB3160A7D6}.Debug|x64.Build.0 = Debug|x64
		{1102801E-2ED8-400A-B013-E7BB3160A7D6}.Debug|x86.ActiveCfg = Debug|Win32
		{1102801E-2ED8-400A-B013-E7BB3160A7D6}.Debug|x86.Build.0 = Debug|Win32
		{1102801E-2ED8-400A-B013-E7BB3160A7D6}.Release|x64.ActiveCfg = Release|x64
		{1102801E-2ED8-400A-B013-E7BB3160A7D6}.Release|x64.Build.0 = Release|x64
		{1102801E-2ED8-400A-B013-E7BB3160A7D6}.Release|x86.ActiveCfg = Release|Win32
		{1102801E-2ED8-400A-B013-E7BB3160A7D6}.Release|x86.Build.0 = Release|Win32
	EndGlobalSection
	GlobalSection(SolutionProperties) = preSolution
		HideSolutionNode = FALSE
	EndGlobalSection
EndGlobal
